hash: 7cf3277bb6b995280bfd9a0cfb4a42d93171832ce8fdeb0b642f0130df56ecfb
updated: 2018-03-05T13:57:18.154677897+09:00
imports:
- name: github.com/fullsailor/pkcs7
  version: 1d5002593acb237433a98512c6343587b03ebe5d
- name: github.com/rakyll/statik
  version: fd36b3595eb2ec8da4b8153b107f7ea08504899d
  subpackages:
  - fs
testImports: []
